
Microsoft Visual Studio Solution File, Format Version 10.00
# Visual Studio 2008
Project("{8BC9CEB8-8B4A-11D0-8D11-00A0C91BC942}") = "dsdv", "dsdv.vcproj", "{79F2A401-AFA0-4871-8572-41CD2D51641A}"
EndProject
Global
	GlobalSection(SolutionConfigurationPlatforms) = preSolution
		Debug|Win32 = Debug|Win32
		Release|Win32 = Release|Win32
	EndGlobalSection
	GlobalSection(ProjectConfigurationPlatforms) = postSolution
		{79F2A401-AFA0-4871-8572-41CD2D51641A}.Debug|Win32.ActiveCfg = Debug|Win32
		{79F2A401-AFA0-4871-8572-41CD2D51641A}.Debug|Win32.Build.0 = Debug|Win32
		{79F2A401-AFA0-4871-8572-41CD2D51641A}.Release|Win32.ActiveCfg = Release|Win32
		{79F2A401-AFA0-4871-8572-41CD2D51641A}.Release|Win32.Build.0 = Release|Win32
	EndGlobalSection
	GlobalSection(SolutionProperties) = preSolution
		HideSolutionNode = FALSE
	EndGlobalSection
EndGlobal
